
Microsoft Visual Studio Solution File, Format Version 12.00
# Visual Studio Version 17
VisualStudioVersion = 17.6.33829.357
MinimumVisualStudioVersion = 10.0.40219.1
Project("{FAE04EC0-301F-11D3-BF4B-00C04F79EFBC}") = "Exception_Demo", "Exception_Demo\Exception_Demo.csproj", "{1AA821A7-BF61-42AE-B464-1EA1659B25EF}"
EndProject
Global
	GlobalSection(SolutionConfigurationPlatforms) = preSolution
		Debug|Any CPU = Debug|Any CPU
		Release|Any CPU = Release|Any CPU
	EndGlobalSection
	GlobalSection(ProjectConfigurationPlatforms) = postSolution
		{1AA821A7-BF61-42AE-B464-1EA1659B25EF}.Debug|Any CPU.ActiveCfg = Debug|Any CPU
		{1AA821A7-BF61-42AE-B464-1EA1659B25EF}.Debug|Any CPU.Build.0 = Debug|Any CPU
		{1AA821A7-BF61-42AE-B464-1EA1659B25EF}.Release|Any CPU.ActiveCfg = Release|Any CPU
		{1AA821A7-BF61-42AE-B464-1EA1659B25EF}.Release|Any CPU.Build.0 = Release|Any CPU
	EndGlobalSection
	GlobalSection(SolutionProperties) = preSolution
		HideSolutionNode = FALSE
	EndGlobalSection
	GlobalSection(ExtensibilityGlobals) = postSolution
		SolutionGuid = {61FB8E16-1C35-4B66-A909-1709DD74D400}
	EndGlobalSection
EndGlobal
